// !$*UTF8*$!
{
	archiveVersion = 1;
	classes = {
	};
	objectVersion = 46;
	objects = {

/* Begin PBXBuildFile section */
		3E193675A99128C4BEA6B291 /* Pods_iPhoneProject.framework in Frameworks */ = {isa = PBXBuildFile; fileRef = B7611521DD2ED367ECE13BDA /* Pods_iPhoneProject.framework */; };
		64042DBA1EDF96D90059E8FF /* notes.sqlite in Resources */ = {isa = PBXBuildFile; fileRef = 64042DB91EDF96D90059E8FF /* notes.sqlite */; };
		64042DBE1EDFA37E0059E8FF /* Tag.swift in Sources */ = {isa = PBXBuildFile; fileRef = 64042DBD1EDFA37E0059E8FF /* Tag.swift */; };
		640FC5431EAFBC6300A7B694 /* BaseViewController.swift in Sources */ = {isa = PBXBuildFile; fileRef = 640FC5421EAFBC6300A7B694 /* BaseViewController.swift */; };
		6434400A1EA9ADE700D223B4 /* NoteRepository.swift in Sources */ = {isa = PBXBuildFile; fileRef = 643440091EA9ADE700D223B4 /* NoteRepository.swift */; };
		647846E21EA9117100C0261E /* AppDelegate.swift in Sources */ = {isa = PBXBuildFile; fileRef = 647846E11EA9117100C0261E /* AppDelegate.swift */; };
		647846E41EA9117100C0261E /* ViewController.swift in Sources */ = {isa = PBXBuildFile; fileRef = 647846E31EA9117100C0261E /* ViewController.swift */; };
		647846E71EA9117100C0261E /* Main.storyboard in Resources */ = {isa = PBXBuildFile; fileRef = 647846E51EA9117100C0261E /* Main.storyboard */; };
		647846E91EA9117100C0261E /* Assets.xcassets in Resources */ = {isa = PBXBuildFile; fileRef = 647846E81EA9117100C0261E /* Assets.xcassets */; };
		647846EC1EA9117100C0261E /* LaunchScreen.storyboard in Resources */ = {isa = PBXBuildFile; fileRef = 647846EA1EA9117100C0261E /* LaunchScreen.storyboard */; };
		647847121EA9229600C0261E /* SimpleButton.swift in Sources */ = {isa = PBXBuildFile; fileRef = 647847111EA9229600C0261E /* SimpleButton.swift */; };
		649E8A641EABA24700D65A86 /* NoteLogic.swift in Sources */ = {isa = PBXBuildFile; fileRef = 649E8A631EABA24700D65A86 /* NoteLogic.swift */; };
		64B9863D1EA97A7C00F62352 /* Note.swift in Sources */ = {isa = PBXBuildFile; fileRef = 64B9863C1EA97A7C00F62352 /* Note.swift */; };
		64B986401EA9856000F62352 /* NoteViewController.swift in Sources */ = {isa = PBXBuildFile; fileRef = 64B9863F1EA9856000F62352 /* NoteViewController.swift */; };
		64B986421EA990AD00F62352 /* Podfile in Resources */ = {isa = PBXBuildFile; fileRef = 64B986411EA990AD00F62352 /* Podfile */; };
		64E8AA481EABD1C1002E9678 /* CommonExtensions.swift in Sources */ = {isa = PBXBuildFile; fileRef = 64E8AA471EABD1C1002E9678 /* CommonExtensions.swift */; };
		64E8AA4A1EABDBF7002E9678 /* TagViewController.swift in Sources */ = {isa = PBXBuildFile; fileRef = 64E8AA491EABDBF7002E9678 /* TagViewController.swift */; };
/* End PBXBuildFile section */

/* Begin PBXContainerItemProxy section */
		647846F31EA9117100C0261E /* PBXContainerItemProxy */ = {
			isa = PBXContainerItemProxy;
			containerPortal = 647846D61EA9117100C0261E /* Project object */;
			proxyType = 1;
			remoteGlobalIDString = 647846DD1EA9117100C0261E;
			remoteInfo = iPhoneProject;
		};
		647846FE1EA9117100C0261E /* PBXContainerItemProxy */ = {
			isa = PBXContainerItemProxy;
			containerPortal = 647846D61EA9117100C0261E /* Project object */;
			proxyType = 1;
			remoteGlobalIDString = 647846DD1EA9117100C0261E;
			remoteInfo = iPhoneProject;
		};
/* End PBXContainerItemProxy section */

/* Begin PBXFileReference section */
		64042DB91EDF96D90059E8FF /* notes.sqlite */ = {isa = PBXFileReference; lastKnownFileType = file; path = notes.sqlite; sourceTree = "<group>"; };
		64042DBD1EDFA37E0059E8FF /* Tag.swift */ = {isa = PBXFileReference; fileEncoding = 4; lastKnownFileType = sourcecode.swift; path = Tag.swift; sourceTree = "<group>"; };
		640FC5421EAFBC6300A7B694 /* BaseViewController.swift */ = {isa = PBXFileReference; fileEncoding = 4; lastKnownFileType = sourcecode.swift; path = BaseViewController.swift; sourceTree = "<group>"; };
		643440091EA9ADE700D223B4 /* NoteRepository.swift */ = {isa = PBXFileReference; fileEncoding = 4; lastKnownFileType = sourcecode.swift; path = NoteRepository.swift; sourceTree = "<group>"; };
		647846DE1EA9117100C0261E /* iPhoneProject.app */ = {isa = PBXFileReference; explicitFileType = wrapper.application; includeInIndex = 0; path = iPhoneProject.app; sourceTree = BUILT_PRODUCTS_DIR; };
		647846E11EA9117100C0261E /* AppDelegate.swift */ = {isa = PBXFileReference; lastKnownFileType = sourcecode.swift; path = AppDelegate.swift; sourceTree = "<group>"; };
		647846E31EA9117100C0261E /* ViewController.swift */ = {isa = PBXFileReference; lastKnownFileType = sourcecode.swift; path = ViewController.swift; sourceTree = "<group>"; };
		647846E61EA9117100C0261E /* Base */ = {isa = PBXFileReference; lastKnownFileType = file.storyboard; name = Base; path = Base.lproj/Main.storyboard; sourceTree = "<group>"; };
		647846E81EA9117100C0261E /* Assets.xcassets */ = {isa = PBXFileReference; lastKnownFileType = folder.assetcatalog; path = Assets.xcassets; sourceTree = "<group>"; };
		647846EB1EA9117100C0261E /* Base */ = {isa = PBXFileReference; lastKnownFileType = file.storyboard; name = Base; path = Base.lproj/LaunchScreen.storyboard; sourceTree = "<group>"; };
		647846ED1EA9117100C0261E /* Info.plist */ = {isa = PBXFileReference; lastKnownFileType = text.plist.xml; path = Info.plist; sourceTree = "<group>"; };
		647846F21EA9117100C0261E /* iPhoneProjectTests.xctest */ = {isa = PBXFileReference; explicitFileType = wrapper.cfbundle; includeInIndex = 0; path = iPhoneProjectTests.xctest; sourceTree = BUILT_PRODUCTS_DIR; };
		647846FD1EA9117100C0261E /* iPhoneProjectUITests.xctest */ = {isa = PBXFileReference; explicitFileType = wrapper.cfbundle; includeInIndex = 0; path = iPhoneProjectUITests.xctest; sourceTree = BUILT_PRODUCTS_DIR; };
		647847111EA9229600C0261E /* SimpleButton.swift */ = {isa = PBXFileReference; fileEncoding = 4; lastKnownFileType = sourcecode.swift; path = SimpleButton.swift; sourceTree = "<group>"; };
		649E8A631EABA24700D65A86 /* NoteLogic.swift */ = {isa = PBXFileReference; fileEncoding = 4; lastKnownFileType = sourcecode.swift; path = NoteLogic.swift; sourceTree = "<group>"; };
		64B9863C1EA97A7C00F62352 /* Note.swift */ = {isa = PBXFileReference; fileEncoding = 4; lastKnownFileType = sourcecode.swift; path = Note.swift; sourceTree = "<group>"; };
		64B9863F1EA9856000F62352 /* NoteViewController.swift */ = {isa = PBXFileReference; fileEncoding = 4; lastKnownFileType = sourcecode.swift; path = NoteViewController.swift; sourceTree = "<group>"; };
		64B986411EA990AD00F62352 /* Podfile */ = {isa = PBXFileReference; fileEncoding = 4; lastKnownFileType = text; path = Podfile; sourceTree = "<group>"; xcLanguageSpecificationIdentifier = xcode.lang.ruby; };
		64E8AA471EABD1C1002E9678 /* CommonExtensions.swift */ = {isa = PBXFileReference; fileEncoding = 4; lastKnownFileType = sourcecode.swift; path = CommonExtensions.swift; sourceTree = "<group>"; };
		64E8AA491EABDBF7002E9678 /* TagViewController.swift */ = {isa = PBXFileReference; fileEncoding = 4; lastKnownFileType = sourcecode.swift; path = TagViewController.swift; sourceTree = "<group>"; };
		B7611521DD2ED367ECE13BDA /* Pods_iPhoneProject.framework */ = {isa = PBXFileReference; explicitFileType = wrapper.framework; includeInIndex = 0; path = Pods_iPhoneProject.framework; sourceTree = BUILT_PRODUCTS_DIR; };
		C0853DF8E896C8A443111E7E /* Pods-iPhoneProject.release.xcconfig */ = {isa = PBXFileReference; includeInIndex = 1; lastKnownFileType = text.xcconfig; name = "Pods-iPhoneProject.release.xcconfig"; path = "iPhoneProject/Pods/Target Support Files/Pods-iPhoneProject/Pods-iPhoneProject.release.xcconfig"; sourceTree = "<group>"; };
		D1B2398BFF958A39BAEF32FE /* Pods-iPhoneProject.debug.xcconfig */ = {isa = PBXFileReference; includeInIndex = 1; lastKnownFileType = text.xcconfig; name = "Pods-iPhoneProject.debug.xcconfig"; path = "iPhoneProject/Pods/Target Support Files/Pods-iPhoneProject/Pods-iPhoneProject.debug.xcconfig"; sourceTree = "<group>"; };
/* End PBXFileReference section */

/* Begin PBXFrameworksBuildPhase section */
		647846DB1EA9117100C0261E /* Frameworks */ = {
			isa = PBXFrameworksBuildPhase;
			buildActionMask = 2147483647;
			files = (
				3E193675A99128C4BEA6B291 /* Pods_iPhoneProject.framework in Frameworks */,
			);
			runOnlyForDeploymentPostprocessing = 0;
		};
		647846EF1EA9117100C0261E /* Frameworks */ = {
			isa = PBXFrameworksBuildPhase;
			buildActionMask = 2147483647;
			files = (
			);
			runOnlyForDeploymentPostprocessing = 0;
		};
		647846FA1EA9117100C0261E /* Frameworks */ = {
			isa = PBXFrameworksBuildPhase;
			buildActionMask = 2147483647;
			files = (
			);
			runOnlyForDeploymentPostprocessing = 0;
		};
/* End PBXFrameworksBuildPhase section */

/* Begin PBXGroup section */
		32A9F326B68C26E7F84938BE /* Pods */ = {
			isa = PBXGroup;
			children = (
				D1B2398BFF958A39BAEF32FE /* Pods-iPhoneProject.debug.xcconfig */,
				C0853DF8E896C8A443111E7E /* Pods-iPhoneProject.release.xcconfig */,
			);
			name = Pods;
			sourceTree = "<group>";
		};
		643440081EA9A75400D223B4 /* Repository */ = {
			isa = PBXGroup;
			children = (
				643440091EA9ADE700D223B4 /* NoteRepository.swift */,
			);
			name = Repository;
			sourceTree = "<group>";
		};
		647846D51EA9117100C0261E = {
			isa = PBXGroup;
			children = (
				647846E01EA9117100C0261E /* iPhoneProject */,
				647846DF1EA9117100C0261E /* Products */,
				32A9F326B68C26E7F84938BE /* Pods */,
				E7DCCC877F77D38AA1C79E0C /* Frameworks */,
			);
			sourceTree = "<group>";
		};
		647846DF1EA9117100C0261E /* Products */ = {
			isa = PBXGroup;
			children = (
				647846DE1EA9117100C0261E /* iPhoneProject.app */,
				647846F21EA9117100C0261E /* iPhoneProjectTests.xctest */,
				647846FD1EA9117100C0261E /* iPhoneProjectUITests.xctest */,
			);
			name = Products;
			sourceTree = "<group>";
		};
		647846E01EA9117100C0261E /* iPhoneProject */ = {
			isa = PBXGroup;
			children = (
				64E8AA461EABD1B1002E9678 /* Extensions */,
				649E8A621EABA23100D65A86 /* Logic */,
				643440081EA9A75400D223B4 /* Repository */,
				64B9863E1EA9854100F62352 /* ViewControllers */,
				64B9863A1EA97A3F00F62352 /* Models */,
				647846E11EA9117100C0261E /* AppDelegate.swift */,
				647846E51EA9117100C0261E /* Main.storyboard */,
				647846E81EA9117100C0261E /* Assets.xcassets */,
				647846EA1EA9117100C0261E /* LaunchScreen.storyboard */,
				647846ED1EA9117100C0261E /* Info.plist */,
				64042DB91EDF96D90059E8FF /* notes.sqlite */,
				647847111EA9229600C0261E /* SimpleButton.swift */,
				64B986411EA990AD00F62352 /* Podfile */,
			);
			path = iPhoneProject;
			sourceTree = "<group>";
		};
		649E8A621EABA23100D65A86 /* Logic */ = {
			isa = PBXGroup;
			children = (
				649E8A631EABA24700D65A86 /* NoteLogic.swift */,
			);
			name = Logic;
			sourceTree = "<group>";
		};
		64B9863A1EA97A3F00F62352 /* Models */ = {
			isa = PBXGroup;
			children = (
				64B9863C1EA97A7C00F62352 /* Note.swift */,
				64042DBD1EDFA37E0059E8FF /* Tag.swift */,
			);
			name = Models;
			sourceTree = "<group>";
		};
		64B9863E1EA9854100F62352 /* ViewControllers */ = {
			isa = PBXGroup;
			children = (
				647846E31EA9117100C0261E /* ViewController.swift */,
				64B9863F1EA9856000F62352 /* NoteViewController.swift */,
				64E8AA491EABDBF7002E9678 /* TagViewController.swift */,
				640FC5421EAFBC6300A7B694 /* BaseViewController.swift */,
			);
			name = ViewControllers;
			sourceTree = "<group>";
		};
		64E8AA461EABD1B1002E9678 /* Extensions */ = {
			isa = PBXGroup;
			children = (
				64E8AA471EABD1C1002E9678 /* CommonExtensions.swift */,
			);
			name = Extensions;
			sourceTree = "<group>";
		};
		E7DCCC877F77D38AA1C79E0C /* Frameworks */ = {
			isa = PBXGroup;
			children = (
				B7611521DD2ED367ECE13BDA /* Pods_iPhoneProject.framework */,
			);
			name = Frameworks;
			sourceTree = "<group>";
		};
/* End PBXGroup section */

/* Begin PBXNativeTarget section */
		647846DD1EA9117100C0261E /* iPhoneProject */ = {
			isa = PBXNativeTarget;
			buildConfigurationList = 647847061EA9117100C0261E /* Build configuration list for PBXNativeTarget "iPhoneProject" */;
			buildPhases = (
				DE9D03B49892544A5A1D1353 /* [CP] Check Pods Manifest.lock */,
				647846DA1EA9117100C0261E /* Sources */,
				647846DB1EA9117100C0261E /* Frameworks */,
				647846DC1EA9117100C0261E /* Resources */,
				D9CAEBBD9AA96689D8BE28AB /* [CP] Embed Pods Frameworks */,
				CBEC7570FAD7806B1218B930 /* [CP] Copy Pods Resources */,
			);
			buildRules = (
			);
			dependencies = (
			);
			name = iPhoneProject;
			productName = iPhoneProject;
			productReference = 647846DE1EA9117100C0261E /* iPhoneProject.app */;
			productType = "com.apple.product-type.application";
		};
		647846F11EA9117100C0261E /* iPhoneProjectTests */ = {
			isa = PBXNativeTarget;
			buildConfigurationList = 647847091EA9117100C0261E /* Build configuration list for PBXNativeTarget "iPhoneProjectTests" */;
			buildPhases = (
				647846EE1EA9117100C0261E /* Sources */,
				647846EF1EA9117100C0261E /* Frameworks */,
				647846F01EA9117100C0261E /* Resources */,
			);
			buildRules = (
			);
			dependencies = (
				647846F41EA9117100C0261E /* PBXTargetDependency */,
			);
			name = iPhoneProjectTests;
			productName = iPhoneProjectTests;
			productReference = 647846F21EA9117100C0261E /* iPhoneProjectTests.xctest */;
			productType = "com.apple.product-type.bundle.unit-test";
		};
		647846FC1EA9117100C0261E /* iPhoneProjectUITests */ = {
			isa = PBXNativeTarget;
			buildConfigurationList = 6478470C1EA9117100C0261E /* Build configuration list for PBXNativeTarget "iPhoneProjectUITests" */;
			buildPhases = (
				647846F91EA9117100C0261E /* Sources */,
				647846FA1EA9117100C0261E /* Frameworks */,
				647846FB1EA9117100C0261E /* Resources */,
			);
			buildRules = (
			);
			dependencies = (
				647846FF1EA9117100C0261E /* PBXTargetDependency */,
			);
			name = iPhoneProjectUITests;
			productName = iPhoneProjectUITests;
			productReference = 647846FD1EA9117100C0261E /* iPhoneProjectUITests.xctest */;
			productType = "com.apple.product-type.bundle.ui-testing";
		};
/* End PBXNativeTarget section */

/* Begin PBXProject section */
		647846D61EA9117100C0261E /* Project object */ = {
			isa = PBXProject;
			attributes = {
				LastSwiftUpdateCheck = 0830;
				LastUpgradeCheck = 0920;
				ORGANIZATIONNAME = "Román Maksimov";
				TargetAttributes = {
					647846DD1EA9117100C0261E = {
						CreatedOnToolsVersion = 8.3.2;
						DevelopmentTeam = 894N6FR6J9;
						ProvisioningStyle = Automatic;
					};
					647846F11EA9117100C0261E = {
						CreatedOnToolsVersion = 8.3.2;
						ProvisioningStyle = Automatic;
						TestTargetID = 647846DD1EA9117100C0261E;
					};
					647846FC1EA9117100C0261E = {
						CreatedOnToolsVersion = 8.3.2;
						ProvisioningStyle = Automatic;
						TestTargetID = 647846DD1EA9117100C0261E;
					};
				};
			};
			buildConfigurationList = 647846D91EA9117100C0261E /* Build configuration list for PBXProject "iPhoneProject" */;
			compatibilityVersion = "Xcode 3.2";
			developmentRegion = English;
			hasScannedForEncodings = 0;
			knownRegions = (
				en,
				Base,
			);
			mainGroup = 647846D51EA9117100C0261E;
			productRefGroup = 647846DF1EA9117100C0261E /* Products */;
			projectDirPath = "";
			projectRoot = "";
			targets = (
				647846DD1EA9117100C0261E /* iPhoneProject */,
				647846F11EA9117100C0261E /* iPhoneProjectTests */,
				647846FC1EA9117100C0261E /* iPhoneProjectUITests */,
			);
		};
/* End PBXProject section */

/* Begin PBXResourcesBuildPhase section */
		647846DC1EA9117100C0261E /* Resources */ = {
			isa = PBXResourcesBuildPhase;
			buildActionMask = 2147483647;
			files = (
				64042DBA1EDF96D90059E8FF /* notes.sqlite in Resources */,
				647846EC1EA9117100C0261E /* LaunchScreen.storyboard in Resources */,
				647846E91EA9117100C0261E /* Assets.xcassets in Resources */,
				64B986421EA990AD00F62352 /* Podfile in Resources */,
				647846E71EA9117100C0261E /* Main.storyboard in Resources */,
			);
			runOnlyForDeploymentPostprocessing = 0;
		};
		647846F01EA9117100C0261E /* Resources */ = {
			isa = PBXResourcesBuildPhase;
			buildActionMask = 2147483647;
			files = (
			);
			runOnlyForDeploymentPostprocessing = 0;
		};
		647846FB1EA9117100C0261E /* Resources */ = {
			isa = PBXResourcesBuildPhase;
			buildActionMask = 2147483647;
			files = (
			);
			runOnlyForDeploymentPostprocessing = 0;
		};
/* End PBXResourcesBuildPhase section */

/* Begin PBXShellScriptBuildPhase section */
		CBEC7570FAD7806B1218B930 /* [CP] Copy Pods Resources */ = {
			isa = PBXShellScriptBuildPhase;
			buildActionMask = 2147483647;
			files = (
			);
			inputPaths = (
			);
			name = "[CP] Copy Pods Resources";
			outputPaths = (
			);
			runOnlyForDeploymentPostprocessing = 0;
			shellPath = /bin/sh;
			shellScript = "\"${SRCROOT}/iPhoneProject/Pods/Target Support Files/Pods-iPhoneProject/Pods-iPhoneProject-resources.sh\"\n";
			showEnvVarsInLog = 0;
		};
		D9CAEBBD9AA96689D8BE28AB /* [CP] Embed Pods Frameworks */ = {
			isa = PBXShellScriptBuildPhase;
			buildActionMask = 2147483647;
			files = (
			);
			inputPaths = (
			);
			name = "[CP] Embed Pods Frameworks";
			outputPaths = (
			);
			runOnlyForDeploymentPostprocessing = 0;
			shellPath = /bin/sh;
			shellScript = "\"${SRCROOT}/iPhoneProject/Pods/Target Support Files/Pods-iPhoneProject/Pods-iPhoneProject-frameworks.sh\"\n";
			showEnvVarsInLog = 0;
		};
		DE9D03B49892544A5A1D1353 /* [CP] Check Pods Manifest.lock */ = {
			isa = PBXShellScriptBuildPhase;
			buildActionMask = 2147483647;
			files = (
			);
			inputPaths = (
			);
			name = "[CP] Check Pods Manifest.lock";
			outputPaths = (
			);
			runOnlyForDeploymentPostprocessing = 0;
			shellPath = /bin/sh;
			shellScript = "diff \"${PODS_PODFILE_DIR_PATH}/Podfile.lock\" \"${PODS_ROOT}/Manifest.lock\" > /dev/null\nif [ $? != 0 ] ; then\n    # print error to STDERR\n    echo \"error: The sandbox is not in sync with the Podfile.lock. Run 'pod install' or update your CocoaPods installation.\" >&2\n    exit 1\nfi\n";
			showEnvVarsInLog = 0;
		};
/* End PBXShellScriptBuildPhase section */

/* Begin PBXSourcesBuildPhase section */
		647846DA1EA9117100C0261E /* Sources */ = {
			isa = PBXSourcesBuildPhase;
			buildActionMask = 2147483647;
			files = (
				647846E41EA9117100C0261E /* ViewController.swift in Sources */,
				640FC5431EAFBC6300A7B694 /* BaseViewController.swift in Sources */,
				647846E21EA9117100C0261E /* AppDelegate.swift in Sources */,
				64E8AA481EABD1C1002E9678 /* CommonExtensions.swift in Sources */,
				649E8A641EABA24700D65A86 /* NoteLogic.swift in Sources */,
				647847121EA9229600C0261E /* SimpleButton.swift in Sources */,
				64042DBE1EDFA37E0059E8FF /* Tag.swift in Sources */,
				6434400A1EA9ADE700D223B4 /* NoteRepository.swift in Sources */,
				64E8AA4A1EABDBF7002E9678 /* TagViewController.swift in Sources */,
				64B986401EA9856000F62352 /* NoteViewController.swift in Sources */,
				64B9863D1EA97A7C00F62352 /* Note.swift in Sources */,
			);
			runOnlyForDeploymentPostprocessing = 0;
		};
		647846EE1EA9117100C0261E /* Sources */ = {
			isa = PBXSourcesBuildPhase;
			buildActionMask = 2147483647;
			files = (
			);
			runOnlyForDeploymentPostprocessing = 0;
		};
		647846F91EA9117100C0261E /* Sources */ = {
			isa = PBXSourcesBuildPhase;
			buildActionMask = 2147483647;
			files = (
			);
			runOnlyForDeploymentPostprocessing = 0;
		};
/* End PBXSourcesBuildPhase section */

/* Begin PBXTargetDependency section */
		647846F41EA9117100C0261E /* PBXTargetDependency */ = {
			isa = PBXTargetDependency;
			target = 647846DD1EA9117100C0261E /* iPhoneProject */;
			targetProxy = 647846F31EA9117100C0261E /* PBXContainerItemProxy */;
		};
		647846FF1EA9117100C0261E /* PBXTargetDependency */ = {
			isa = PBXTargetDependency;
			target = 647846DD1EA9117100C0261E /* iPhoneProject */;
			targetProxy = 647846FE1EA9117100C0261E /* PBXContainerItemProxy */;
		};
/* End PBXTargetDependency section */

/* Begin PBXVariantGroup section */
		647846E51EA9117100C0261E /* Main.storyboard */ = {
			isa = PBXVariantGroup;
			children = (
				647846E61EA9117100C0261E /* Base */,
			);
			name = Main.storyboard;
			sourceTree = "<group>";
		};
		647846EA1EA9117100C0261E /* LaunchScreen.storyboard */ = {
			isa = PBXVariantGroup;
			children = (
				647846EB1EA9117100C0261E /* Base */,
			);
			name = LaunchScreen.storyboard;
			sourceTree = "<group>";
		};
/* End PBXVariantGroup section */

/* Begin XCBuildConfiguration section */
		647847041EA9117100C0261E /* Debug */ = {
			isa = XCBuildConfiguration;
			buildSettings = {
				ALWAYS_SEARCH_USER_PATHS = NO;
				CLANG_ANALYZER_NONNULL = YES;
				CLANG_ANALYZER_NUMBER_OBJECT_CONVERSION = YES_AGGRESSIVE;
				CLANG_CXX_LANGUAGE_STANDARD = "gnu++0x";
				CLANG_CXX_LIBRARY = "libc++";
				CLANG_ENABLE_MODULES = YES;
				CLANG_ENABLE_OBJC_ARC = YES;
				CLANG_WARN_BLOCK_CAPTURE_AUTORELEASING = YES;
				CLANG_WARN_BOOL_CONVERSION = YES;
				CLANG_WARN_COMMA = YES;
				CLANG_WARN_CONSTANT_CONVERSION = YES;
				CLANG_WARN_DIRECT_OBJC_ISA_USAGE = YES_ERROR;
				CLANG_WARN_DOCUMENTATION_COMMENTS = YES;
				CLANG_WARN_EMPTY_BODY = YES;
				CLANG_WARN_ENUM_CONVERSION = YES;
				CLANG_WARN_INFINITE_RECURSION = YES;
				CLANG_WARN_INT_CONVERSION = YES;
				CLANG_WARN_NON_LITERAL_NULL_CONVERSION = YES;
				CLANG_WARN_OBJC_LITERAL_CONVERSION = YES;
				CLANG_WARN_OBJC_ROOT_CLASS = YES_ERROR;
				CLANG_WARN_RANGE_LOOP_ANALYSIS = YES;
				CLANG_WARN_STRICT_PROTOTYPES = YES;
				CLANG_WARN_SUSPICIOUS_MOVE = YES;
				CLANG_WARN_UNREACHABLE_CODE = YES;
				CLANG_WARN__DUPLICATE_METHOD_MATCH = YES;
				"CODE_SIGN_IDENTITY[sdk=iphoneos*]" = "iPhone Developer";
				COPY_PHASE_STRIP = NO;
				DEBUG_INFORMATION_FORMAT = dwarf;
				ENABLE_STRICT_OBJC_MSGSEND = YES;
				ENABLE_TESTABILITY = YES;
				GCC_C_LANGUAGE_STANDARD = gnu99;
				GCC_DYNAMIC_NO_PIC = NO;
				GCC_NO_COMMON_BLOCKS = YES;
				GCC_OPTIMIZATION_LEVEL = 0;
				GCC_PREPROCESSOR_DEFINITIONS = (
					"DEBUG=1",
					"$(inherited)",
				);
				GCC_WARN_64_TO_32_BIT_CONVERSION = YES;
				GCC_WARN_ABOUT_RETURN_TYPE = YES_ERROR;
				GCC_WARN_UNDECLARED_SELECTOR = YES;
				GCC_WARN_UNINITIALIZED_AUTOS = YES_AGGRESSIVE;
				GCC_WARN_UNUSED_FUNCTION = YES;
				GCC_WARN_UNUSED_VARIABLE = YES;
				IPHONEOS_DEPLOYMENT_TARGET = 10.3;
				MTL_ENABLE_DEBUG_INFO = YES;
				ONLY_ACTIVE_ARCH = YES;
				SDKROOT = iphoneos;
				SWIFT_ACTIVE_COMPILATION_CONDITIONS = DEBUG;
				SWIFT_OPTIMIZATION_LEVEL = "-Onone";
			};
			name = Debug;
		};
		647847051EA9117100C0261E /* Release */ = {
			isa = XCBuildConfiguration;
			buildSettings = {
				ALWAYS_SEARCH_USER_PATHS = NO;
				CLANG_ANALYZER_NONNULL = YES;
				CLANG_ANALYZER_NUMBER_OBJECT_CONVERSION = YES_AGGRESSIVE;
				CLANG_CXX_LANGUAGE_STANDARD = "gnu++0x";
				CLANG_CXX_LIBRARY = "libc++";
				CLANG_ENABLE_MODULES = YES;
				CLANG_ENABLE_OBJC_ARC = YES;
				CLANG_WARN_BLOCK_CAPTURE_AUTORELEASING = YES;
				CLANG_WARN_BOOL_CONVERSION = YES;
				CLANG_WARN_COMMA = YES;
				CLANG_WARN_CONSTANT_CONVERSION = YES;
				CLANG_WARN_DIRECT_OBJC_ISA_USAGE = YES_ERROR;
				CLANG_WARN_DOCUMENTATION_COMMENTS = YES;
				CLANG_WARN_EMPTY_BODY = YES;
				CLANG_WARN_ENUM_CONVERSION = YES;
				CLANG_WARN_INFINITE_RECURSION = YES;
				CLANG_WARN_INT_CONVERSION = YES;
				CLANG_WARN_NON_LITERAL_NULL_CONVERSION = YES;
				CLANG_WARN_OBJC_LITERAL_CONVERSION = YES;
				CLANG_WARN_OBJC_ROOT_CLASS = YES_ERROR;
				CLANG_WARN_RANGE_LOOP_ANALYSIS = YES;
				CLANG_WARN_STRICT_PROTOTYPES = YES;
				CLANG_WARN_SUSPICIOUS_MOVE = YES;
				CLANG_WARN_UNREACHABLE_CODE = YES;
				CLANG_WARN__DUPLICATE_METHOD_MATCH = YES;
				"CODE_SIGN_IDENTITY[sdk=iphoneos*]" = "iPhone Developer";
				COPY_PHASE_STRIP = NO;
				DEBUG_INFORMATION_FORMAT = "dwarf-with-dsym";
				ENABLE_NS_ASSERTIONS = NO;
				ENABLE_STRICT_OBJC_MSGSEND = YES;
				GCC_C_LANGUAGE_STANDARD = gnu99;
				GCC_NO_COMMON_BLOCKS = YES;
				GCC_WARN_64_TO_32_BIT_CONVERSION = YES;
				GCC_WARN_ABOUT_RETURN_TYPE = YES_ERROR;
				GCC_WARN_UNDECLARED_SELECTOR = YES;
				GCC_WARN_UNINITIALIZED_AUTOS = YES_AGGRESSIVE;
				GCC_WARN_UNUSED_FUNCTION = YES;
				GCC_WARN_UNUSED_VARIABLE = YES;
				IPHONEOS_DEPLOYMENT_TARGET = 10.3;
				MTL_ENABLE_DEBUG_INFO = NO;
				SDKROOT = iphoneos;
				SWIFT_OPTIMIZATION_LEVEL = "-Owholemodule";
				VALIDATE_PRODUCT = YES;
			};
			name = Release;
		};
		647847071EA9117100C0261E /* Debug */ = {
			isa = XCBuildConfiguration;
			baseConfigurationReference = D1B2398BFF958A39BAEF32FE /* Pods-iPhoneProject.debug.xcconfig */;
			buildSettings = {
				ASSETCATALOG_COMPILER_APPICON_NAME = AppIcon;
				"CODE_SIGN_IDENTITY[sdk=iphoneos*]" = "iPhone Developer";
				DEVELOPMENT_TEAM = 894N6FR6J9;
				INFOPLIST_FILE = iPhoneProject/Info.plist;
				IPHONEOS_DEPLOYMENT_TARGET = 10.2;
				LD_RUNPATH_SEARCH_PATHS = "$(inherited) @executable_path/Frameworks";
				PRODUCT_BUNDLE_IDENTIFIER = baxter.iPhoneProject;
				PRODUCT_NAME = "$(TARGET_NAME)";
				PROVISIONING_PROFILE_SPECIFIER = "";
				SWIFT_VERSION = 3.0;
				TARGETED_DEVICE_FAMILY = 1;
			};
			name = Debug;
		};
		647847081EA9117100C0261E /* Release */ = {
			isa = XCBuildConfiguration;
			baseConfigurationReference = C0853DF8E896C8A443111E7E /* Pods-iPhoneProject.release.xcconfig */;
			buildSettings = {
				ASSETCATALOG_COMPILER_APPICON_NAME = AppIcon;
				"CODE_SIGN_IDENTITY[sdk=iphoneos*]" = "iPhone Developer";
				DEVELOPMENT_TEAM = 894N6FR6J9;
				INFOPLIST_FILE = iPhoneProject/Info.plist;
				IPHONEOS_DEPLOYMENT_TARGET = 10.2;
				LD_RUNPATH_SEARCH_PATHS = "$(inherited) @executable_path/Frameworks";
				PRODUCT_BUNDLE_IDENTIFIER = baxter.iPhoneProject;
				PRODUCT_NAME = "$(TARGET_NAME)";
				PROVISIONING_PROFILE_SPECIFIER = "";
				SWIFT_VERSION = 3.0;
				TARGETED_DEVICE_FAMILY = 1;
			};
			name = Release;
		};
		6478470A1EA9117100C0261E /* Debug */ = {
			isa = XCBuildConfiguration;
			buildSettings = {
				ALWAYS_EMBED_SWIFT_STANDARD_LIBRARIES = YES;
				BUNDLE_LOADER = "$(TEST_HOST)";
				INFOPLIST_FILE = iPhoneProjectTests/Info.plist;
				LD_RUNPATH_SEARCH_PATHS = "$(inherited) @executable_path/Frameworks @loader_path/Frameworks";
				PRODUCT_BUNDLE_IDENTIFIER = baxter.iPhoneProjectTests;
				PRODUCT_NAME = "$(TARGET_NAME)";
				SWIFT_VERSION = 3.0;
				TEST_HOST = "$(BUILT_PRODUCTS_DIR)/iPhoneProject.app/iPhoneProject";
			};
			name = Debug;
		};
		6478470B1EA9117100C0261E /* Release */ = {
			isa = XCBuildConfiguration;
			buildSettings = {
				ALWAYS_EMBED_SWIFT_STANDARD_LIBRARIES = YES;
				BUNDLE_LOADER = "$(TEST_HOST)";
				INFOPLIST_FILE = iPhoneProjectTests/Info.plist;
				LD_RUNPATH_SEARCH_PATHS = "$(inherited) @executable_path/Frameworks @loader_path/Frameworks";
				PRODUCT_BUNDLE_IDENTIFIER = baxter.iPhoneProjectTests;
				PRODUCT_NAME = "$(TARGET_NAME)";
				SWIFT_VERSION = 3.0;
				TEST_HOST = "$(BUILT_PRODUCTS_DIR)/iPhoneProject.app/iPhoneProject";
			};
			name = Release;
		};
		6478470D1EA9117100C0261E /* Debug */ = {
			isa = XCBuildConfiguration;
			buildSettings = {
				ALWAYS_EMBED_SWIFT_STANDARD_LIBRARIES = YES;
				INFOPLIST_FILE = iPhoneProjectUITests/Info.plist;
				LD_RUNPATH_SEARCH_PATHS = "$(inherited) @executable_path/Frameworks @loader_path/Frameworks";
				PRODUCT_BUNDLE_IDENTIFIER = baxter.iPhoneProjectUITests;
				PRODUCT_NAME = "$(TARGET_NAME)";
				SWIFT_VERSION = 3.0;
				TEST_TARGET_NAME = iPhoneProject;
			};
			name = Debug;
		};
		6478470E1EA9117100C0261E /* Release */ = {
			isa = XCBuildConfiguration;
			buildSettings = {
				ALWAYS_EMBED_SWIFT_STANDARD_LIBRARIES = YES;
				INFOPLIST_FILE = iPhoneProjectUITests/Info.plist;
				LD_RUNPATH_SEARCH_PATHS = "$(inherited) @executable_path/Frameworks @loader_path/Frameworks";
				PRODUCT_BUNDLE_IDENTIFIER = baxter.iPhoneProjectUITests;
				PRODUCT_NAME = "$(TARGET_NAME)";
				SWIFT_VERSION = 3.0;
				TEST_TARGET_NAME = iPhoneProject;
			};
			name = Release;
		};
/* End XCBuildConfiguration section */

/* Begin XCConfigurationList section */
		647846D91EA9117100C0261E /* Build configuration list for PBXProject "iPhoneProject" */ = {
			isa = XCConfigurationList;
			buildConfigurations = (
				647847041EA9117100C0261E /* Debug */,
				647847051EA9117100C0261E /* Release */,
			);
			defaultConfigurationIsVisible = 0;
			defaultConfigurationName = Release;
		};
		647847061EA9117100C0261E /* Build configuration list for PBXNativeTarget "iPhoneProject" */ = {
			isa = XCConfigurationList;
			buildConfigurations = (
				647847071EA9117100C0261E /* Debug */,
				647847081EA9117100C0261E /* Release */,
			);
			defaultConfigurationIsVisible = 0;
			defaultConfigurationName = Release;
		};
		647847091EA9117100C0261E /* Build configuration list for PBXNativeTarget "iPhoneProjectTests" */ = {
			isa = XCConfigurationList;
			buildConfigurations = (
				6478470A1EA9117100C0261E /* Debug */,
				6478470B1EA9117100C0261E /* Release */,
			);
			defaultConfigurationIsVisible = 0;
			defaultConfigurationName = Release;
		};
		6478470C1EA9117100C0261E /* Build configuration list for PBXNativeTarget "iPhoneProjectUITests" */ = {
			isa = XCConfigurationList;
			buildConfigurations = (
				6478470D1EA9117100C0261E /* Debug */,
				6478470E1EA9117100C0261E /* Release */,
			);
			defaultConfigurationIsVisible = 0;
			defaultConfigurationName = Release;
		};
/* End XCConfigurationList section */
	};
	rootObject = 647846D61EA9117100C0261E /* Project object */;
}
